
Microsoft Visual Studio Solution File, Format Version 12.00
# Visual Studio Version 17
VisualStudioVersion = 17.5.002.0
MinimumVisualStudioVersion = 10.0.40219.1
Project("{9A19103F-16F7-4668-BE54-9A1E7A4F7556}") = "RWTodd.GWBasic", "src\RWTodd.GWBasic.csproj", "{805975D7-6DB3-442C-8AE6-8D417534FA52}"
EndProject
Global
	GlobalSection(SolutionConfigurationPlatforms) = preSolution
		Debug|Any CPU = Debug|Any CPU
		Release|Any CPU = Release|Any CPU
	EndGlobalSection
	GlobalSection(ProjectConfigurationPlatforms) = postSolution
		{805975D7-6DB3-442C-8AE6-8D417534FA52}.Debug|Any CPU.ActiveCfg = Debug|Any CPU
		{805975D7-6DB3-442C-8AE6-8D417534FA52}.Debug|Any CPU.Build.0 = Debug|Any CPU
		{805975D7-6DB3-442C-8AE6-8D417534FA52}.Release|Any CPU.ActiveCfg = Release|Any CPU
		{805975D7-6DB3-442C-8AE6-8D417534FA52}.Release|Any CPU.Build.0 = Release|Any CPU
	EndGlobalSection
	GlobalSection(SolutionProperties) = preSolution
		HideSolutionNode = FALSE
	EndGlobalSection
	GlobalSection(ExtensibilityGlobals) = postSolution
		SolutionGuid = {6A17F77B-A5F7-4623-AE43-2921A2623F57}
	EndGlobalSection
EndGlobal
