
Microsoft Visual Studio Solution File, Format Version 12.00
# Visual Studio 15
VisualStudioVersion = 15.0.27703.2047
MinimumVisualStudioVersion = 10.0.40219.1
Project("{FAE04EC0-301F-11D3-BF4B-00C04F79EFBC}") = "BasCat", "BasCat\BasCat.csproj", "{B0B2ACFA-32D9-453C-B4DB-3E2D9F1654E3}"
EndProject
Global
	GlobalSection(SolutionConfigurationPlatforms) = preSolution
		Debug|Any CPU = Debug|Any CPU
		Release|Any CPU = Release|Any CPU
	EndGlobalSection
	GlobalSection(ProjectConfigurationPlatforms) = postSolution
		{B0B2ACFA-32D9-453C-B4DB-3E2D9F1654E3}.Debug|Any CPU.ActiveCfg = Debug|Any CPU
		{B0B2ACFA-32D9-453C-B4DB-3E2D9F1654E3}.Debug|Any CPU.Build.0 = Debug|Any CPU
		{B0B2ACFA-32D9-453C-B4DB-3E2D9F1654E3}.Release|Any CPU.ActiveCfg = Release|Any CPU
		{B0B2ACFA-32D9-453C-B4DB-3E2D9F1654E3}.Release|Any CPU.Build.0 = Release|Any CPU
	EndGlobalSection
	GlobalSection(SolutionProperties) = preSolution
		HideSolutionNode = FALSE
	EndGlobalSection
	GlobalSection(ExtensibilityGlobals) = postSolution
		SolutionGuid = {DC5E7B25-5389-4311-927D-1B8EF07DAD03}
	EndGlobalSection
EndGlobal
