
Microsoft Visual Studio Solution File, Format Version 12.00
# Visual Studio 15
VisualStudioVersion = 15.0.28010.2003
MinimumVisualStudioVersion = 10.0.40219.1
Project("{8BC9CEB8-8B4A-11D0-8D11-00A0C91BC942}") = "BasCat", "BasCat\BasCat.vcxproj", "{53CA8158-91C6-49BE-8E21-AB6F43A4A9A3}"
EndProject
Project("{2150E333-8FDC-42A3-9474-1A3956D46DE8}") = "Solution Items", "Solution Items", "{E094BD95-0144-46C3-9B09-1F76F8C545BD}"
	ProjectSection(SolutionItems) = preProject
		run-tests.ps1 = run-tests.ps1
	EndProjectSection
EndProject
Global
	GlobalSection(SolutionConfigurationPlatforms) = preSolution
		Debug|x64 = Debug|x64
		Debug|x86 = Debug|x86
		Release|x64 = Release|x64
		Release|x86 = Release|x86
	EndGlobalSection
	GlobalSection(ProjectConfigurationPlatforms) = postSolution
		{53CA8158-91C6-49BE-8E21-AB6F43A4A9A3}.Debug|x64.ActiveCfg = Debug|x64
		{53CA8158-91C6-49BE-8E21-AB6F43A4A9A3}.Debug|x64.Build.0 = Debug|x64
		{53CA8158-91C6-49BE-8E21-AB6F43A4A9A3}.Debug|x86.ActiveCfg = Debug|Win32
		{53CA8158-91C6-49BE-8E21-AB6F43A4A9A3}.Debug|x86.Build.0 = Debug|Win32
		{53CA8158-91C6-49BE-8E21-AB6F43A4A9A3}.Release|x64.ActiveCfg = Release|x64
		{53CA8158-91C6-49BE-8E21-AB6F43A4A9A3}.Release|x64.Build.0 = Release|x64
		{53CA8158-91C6-49BE-8E21-AB6F43A4A9A3}.Release|x86.ActiveCfg = Release|Win32
		{53CA8158-91C6-49BE-8E21-AB6F43A4A9A3}.Release|x86.Build.0 = Release|Win32
	EndGlobalSection
	GlobalSection(SolutionProperties) = preSolution
		HideSolutionNode = FALSE
	EndGlobalSection
	GlobalSection(ExtensibilityGlobals) = postSolution
		SolutionGuid = {1B9FF0B7-F0A9-4FF2-8968-7C1A219FE9DA}
	EndGlobalSection
EndGlobal
